
Microsoft Visual Studio Solution File, Format Version 12.00
# Visual Studio 15
VisualStudioVersion = 15.0.26730.12
MinimumVisualStudioVersion = 10.0.40219.1
Project("{FAE04EC0-301F-11D3-BF4B-00C04F79EFBC}") = "SPBot", "SPBot\SPBot.csproj", "{F99F2BB3-9842-47A1-8CA9-BD770163E07E}"
EndProject
Project("{9A19103F-16F7-4668-BE54-9A1E7A4F7556}") = "SPBot.Core", "SPBot.Core\SPBot.Core.csproj", "{9F865C84-EEF8-440A-B250-49353070EA78}"
EndProject
Global
	GlobalSection(SolutionConfigurationPlatforms) = preSolution
		Debug|Any CPU = Debug|Any CPU
		Debug|x64 = Debug|x64
		Debug|x86 = Debug|x86
		Release|Any CPU = Release|Any CPU
		Release|x64 = Release|x64
		Release|x86 = Release|x86
	EndGlobalSection
	GlobalSection(ProjectConfigurationPlatforms) = postSolution
		{F99F2BB3-9842-47A1-8CA9-BD770163E07E}.Debug|Any CPU.ActiveCfg = Debug|Any CPU
		{F99F2BB3-9842-47A1-8CA9-BD770163E07E}.Debug|Any CPU.Build.0 = Debug|Any CPU
		{F99F2BB3-9842-47A1-8CA9-BD770163E07E}.Debug|x64.ActiveCfg = Debug|x64
		{F99F2BB3-9842-47A1-8CA9-BD770163E07E}.Debug|x64.Build.0 = Debug|x64
		{F99F2BB3-9842-47A1-8CA9-BD770163E07E}.Debug|x86.ActiveCfg = Debug|x86
		{F99F2BB3-9842-47A1-8CA9-BD770163E07E}.Debug|x86.Build.0 = Debug|x86
		{F99F2BB3-9842-47A1-8CA9-BD770163E07E}.Release|Any CPU.ActiveCfg = Release|Any CPU
		{F99F2BB3-9842-47A1-8CA9-BD770163E07E}.Release|Any CPU.Build.0 = Release|Any CPU
		{F99F2BB3-9842-47A1-8CA9-BD770163E07E}.Release|x64.ActiveCfg = Release|x64
		{F99F2BB3-9842-47A1-8CA9-BD770163E07E}.Release|x64.Build.0 = Release|x64
		{F99F2BB3-9842-47A1-8CA9-BD770163E07E}.Release|x86.ActiveCfg = Release|x86
		{F99F2BB3-9842-47A1-8CA9-BD770163E07E}.Release|x86.Build.0 = Release|x86
		{9F865C84-EEF8-440A-B250-49353070EA78}.Debug|Any CPU.ActiveCfg = Debug|Any CPU
		{9F865C84-EEF8-440A-B250-49353070EA78}.Debug|Any CPU.Build.0 = Debug|Any CPU
		{9F865C84-EEF8-440A-B250-49353070EA78}.Debug|x64.ActiveCfg = Debug|Any CPU
		{9F865C84-EEF8-440A-B250-49353070EA78}.Debug|x64.Build.0 = Debug|Any CPU
		{9F865C84-EEF8-440A-B250-49353070EA78}.Debug|x86.ActiveCfg = Debug|Any CPU
		{9F865C84-EEF8-440A-B250-49353070EA78}.Debug|x86.Build.0 = Debug|Any CPU
		{9F865C84-EEF8-440A-B250-49353070EA78}.Release|Any CPU.ActiveCfg = Release|Any CPU
		{9F865C84-EEF8-440A-B250-49353070EA78}.Release|Any CPU.Build.0 = Release|Any CPU
		{9F865C84-EEF8-440A-B250-49353070EA78}.Release|x64.ActiveCfg = Release|Any CPU
		{9F865C84-EEF8-440A-B250-49353070EA78}.Release|x64.Build.0 = Release|Any CPU
		{9F865C84-EEF8-440A-B250-49353070EA78}.Release|x86.ActiveCfg = Release|Any CPU
		{9F865C84-EEF8-440A-B250-49353070EA78}.Release|x86.Build.0 = Release|Any CPU
	EndGlobalSection
	GlobalSection(SolutionProperties) = preSolution
		HideSolutionNode = FALSE
	EndGlobalSection
	GlobalSection(ExtensibilityGlobals) = postSolution
		SolutionGuid = {7F2BFF05-FDA9-4BEC-8E79-9F8DF47735E7}
	EndGlobalSection
EndGlobal
